// !$*UTF8*$!
{
	archiveVersion = 1;
	classes = {
	};
	objectVersion = 48;
	objects = {

/* Begin PBXBuildFile section */
		04F9F95F5061D10AB40085E3 /* Pods_demo.framework in Frameworks */ = {isa = PBXBuildFile; fileRef = EB16D17303947DF4DD8AC98E /* Pods_demo.framework */; };
		3D23AA362148BBAF000B0F2C /* FoldingCell.swift in Sources */ = {isa = PBXBuildFile; fileRef = 3D23AA342148BBAE000B0F2C /* FoldingCell.swift */; };
		3D23AA3A2148BCF0000B0F2C /* foldingCellTableViewCell.swift in Sources */ = {isa = PBXBuildFile; fileRef = 3D23AA382148BCF0000B0F2C /* foldingCellTableViewCell.swift */; };
		3D23AA3B2148BCF0000B0F2C /* foldingCellTableViewCell.xib in Resources */ = {isa = PBXBuildFile; fileRef = 3D23AA392148BCF0000B0F2C /* foldingCellTableViewCell.xib */; };
		3D5AEEBD2148A3250023F291 /* AppDelegate.swift in Sources */ = {isa = PBXBuildFile; fileRef = 3D5AEEBC2148A3250023F291 /* AppDelegate.swift */; };
		3D5AEEBF2148A3250023F291 /* ViewController.swift in Sources */ = {isa = PBXBuildFile; fileRef = 3D5AEEBE2148A3250023F291 /* ViewController.swift */; };
		3D5AEEC22148A3250023F291 /* Main.storyboard in Resources */ = {isa = PBXBuildFile; fileRef = 3D5AEEC02148A3250023F291 /* Main.storyboard */; };
		3D5AEEC42148A3250023F291 /* Assets.xcassets in Resources */ = {isa = PBXBuildFile; fileRef = 3D5AEEC32148A3250023F291 /* Assets.xcassets */; };
		3D5AEEC72148A3250023F291 /* LaunchScreen.storyboard in Resources */ = {isa = PBXBuildFile; fileRef = 3D5AEEC52148A3250023F291 /* LaunchScreen.storyboard */; };
		3D5AEED12148B2C20023F291 /* foldingTableView.swift in Sources */ = {isa = PBXBuildFile; fileRef = 3D5AEECF2148B2C20023F291 /* foldingTableView.swift */; };
		3D5AEED22148B2C20023F291 /* foldingTableView.xib in Resources */ = {isa = PBXBuildFile; fileRef = 3D5AEED02148B2C20023F291 /* foldingTableView.xib */; };
/* End PBXBuildFile section */

/* Begin PBXFileReference section */
		1F60FBC5495EF14B2B4E1F60 /* Pods-demo.debug.xcconfig */ = {isa = PBXFileReference; includeInIndex = 1; lastKnownFileType = text.xcconfig; name = "Pods-demo.debug.xcconfig"; path = "Pods/Target Support Files/Pods-demo/Pods-demo.debug.xcconfig"; sourceTree = "<group>"; };
		3D23AA332148BBAE000B0F2C /* FoldingCell.h */ = {isa = PBXFileReference; fileEncoding = 4; lastKnownFileType = sourcecode.c.h; path = FoldingCell.h; sourceTree = "<group>"; };
		3D23AA342148BBAE000B0F2C /* FoldingCell.swift */ = {isa = PBXFileReference; fileEncoding = 4; lastKnownFileType = sourcecode.swift; path = FoldingCell.swift; sourceTree = "<group>"; };
		3D23AA382148BCF0000B0F2C /* foldingCellTableViewCell.swift */ = {isa = PBXFileReference; lastKnownFileType = sourcecode.swift; path = foldingCellTableViewCell.swift; sourceTree = "<group>"; };
		3D23AA392148BCF0000B0F2C /* foldingCellTableViewCell.xib */ = {isa = PBXFileReference; lastKnownFileType = file.xib; path = foldingCellTableViewCell.xib; sourceTree = "<group>"; };
		3D5AEEB92148A3250023F291 /* demo.app */ = {isa = PBXFileReference; explicitFileType = wrapper.application; includeInIndex = 0; path = demo.app; sourceTree = BUILT_PRODUCTS_DIR; };
		3D5AEEBC2148A3250023F291 /* AppDelegate.swift */ = {isa = PBXFileReference; lastKnownFileType = sourcecode.swift; path = AppDelegate.swift; sourceTree = "<group>"; };
		3D5AEEBE2148A3250023F291 /* ViewController.swift */ = {isa = PBXFileReference; lastKnownFileType = sourcecode.swift; path = ViewController.swift; sourceTree = "<group>"; };
		3D5AEEC12148A3250023F291 /* Base */ = {isa = PBXFileReference; lastKnownFileType = file.storyboard; name = Base; path = Base.lproj/Main.storyboard; sourceTree = "<group>"; };
		3D5AEEC32148A3250023F291 /* Assets.xcassets */ = {isa = PBXFileReference; lastKnownFileType = folder.assetcatalog; path = Assets.xcassets; sourceTree = "<group>"; };
		3D5AEEC62148A3250023F291 /* Base */ = {isa = PBXFileReference; lastKnownFileType = file.storyboard; name = Base; path = Base.lproj/LaunchScreen.storyboard; sourceTree = "<group>"; };
		3D5AEEC82148A3250023F291 /* Info.plist */ = {isa = PBXFileReference; lastKnownFileType = text.plist.xml; path = Info.plist; sourceTree = "<group>"; };
		3D5AEECF2148B2C20023F291 /* foldingTableView.swift */ = {isa = PBXFileReference; lastKnownFileType = sourcecode.swift; path = foldingTableView.swift; sourceTree = "<group>"; };
		3D5AEED02148B2C20023F291 /* foldingTableView.xib */ = {isa = PBXFileReference; lastKnownFileType = file.xib; path = foldingTableView.xib; sourceTree = "<group>"; };
		5C90F9D94EF0ACCECE7F97B3 /* Pods-demo.release.xcconfig */ = {isa = PBXFileReference; includeInIndex = 1; lastKnownFileType = text.xcconfig; name = "Pods-demo.release.xcconfig"; path = "Pods/Target Support Files/Pods-demo/Pods-demo.release.xcconfig"; sourceTree = "<group>"; };
		EB16D17303947DF4DD8AC98E /* Pods_demo.framework */ = {isa = PBXFileReference; explicitFileType = wrapper.framework; includeInIndex = 0; path = Pods_demo.framework; sourceTree = BUILT_PRODUCTS_DIR; };
/* End PBXFileReference section */

/* Begin PBXFrameworksBuildPhase section */
		3D5AEEB62148A3250023F291 /* Frameworks */ = {
			isa = PBXFrameworksBuildPhase;
			buildActionMask = 2147483647;
			files = (
				04F9F95F5061D10AB40085E3 /* Pods_demo.framework in Frameworks */,
			);
			runOnlyForDeploymentPostprocessing = 0;
		};
/* End PBXFrameworksBuildPhase section */

/* Begin PBXGroup section */
		3D23AA312148BB97000B0F2C /* libs */ = {
			isa = PBXGroup;
			children = (
				3D23AA322148BBAE000B0F2C /* FoldingCell */,
			);
			path = libs;
			sourceTree = "<group>";
		};
		3D23AA322148BBAE000B0F2C /* FoldingCell */ = {
			isa = PBXGroup;
			children = (
				3D23AA332148BBAE000B0F2C /* FoldingCell.h */,
				3D23AA342148BBAE000B0F2C /* FoldingCell.swift */,
			);
			path = FoldingCell;
			sourceTree = "<group>";
		};
		3D5AEEB02148A3250023F291 = {
			isa = PBXGroup;
			children = (
				3D5AEEBB2148A3250023F291 /* demo */,
				3D5AEEBA2148A3250023F291 /* Products */,
				A5AA77A723A0BFEA64D1A2A3 /* Pods */,
				EA7AB074E8813FDE3EF4BBDA /* Frameworks */,
			);
			sourceTree = "<group>";
		};
		3D5AEEBA2148A3250023F291 /* Products */ = {
			isa = PBXGroup;
			children = (
				3D5AEEB92148A3250023F291 /* demo.app */,
			);
			name = Products;
			sourceTree = "<group>";
		};
		3D5AEEBB2148A3250023F291 /* demo */ = {
			isa = PBXGroup;
			children = (
				3D23AA312148BB97000B0F2C /* libs */,
				3D5AEECE2148AC320023F291 /* FoldingCell */,
				3D5AEEBC2148A3250023F291 /* AppDelegate.swift */,
				3D5AEEBE2148A3250023F291 /* ViewController.swift */,
				3D5AEEC02148A3250023F291 /* Main.storyboard */,
				3D5AEEC32148A3250023F291 /* Assets.xcassets */,
				3D5AEEC52148A3250023F291 /* LaunchScreen.storyboard */,
				3D5AEEC82148A3250023F291 /* Info.plist */,
			);
			path = demo;
			sourceTree = "<group>";
		};
		3D5AEECE2148AC320023F291 /* FoldingCell */ = {
			isa = PBXGroup;
			children = (
				3D5AEECF2148B2C20023F291 /* foldingTableView.swift */,
				3D5AEED02148B2C20023F291 /* foldingTableView.xib */,
				3D23AA382148BCF0000B0F2C /* foldingCellTableViewCell.swift */,
				3D23AA392148BCF0000B0F2C /* foldingCellTableViewCell.xib */,
			);
			path = FoldingCell;
			sourceTree = "<group>";
		};
		A5AA77A723A0BFEA64D1A2A3 /* Pods */ = {
			isa = PBXGroup;
			children = (
				1F60FBC5495EF14B2B4E1F60 /* Pods-demo.debug.xcconfig */,
				5C90F9D94EF0ACCECE7F97B3 /* Pods-demo.release.xcconfig */,
			);
			name = Pods;
			sourceTree = "<group>";
		};
		EA7AB074E8813FDE3EF4BBDA /* Frameworks */ = {
			isa = PBXGroup;
			children = (
				EB16D17303947DF4DD8AC98E /* Pods_demo.framework */,
			);
			name = Frameworks;
			sourceTree = "<group>";
		};
/* End PBXGroup section */

/* Begin PBXNativeTarget section */
		3D5AEEB82148A3250023F291 /* demo */ = {
			isa = PBXNativeTarget;
			buildConfigurationList = 3D5AEECB2148A3250023F291 /* Build configuration list for PBXNativeTarget "demo" */;
			buildPhases = (
				AA76CB4F95F3C1028BB794BB /* [CP] Check Pods Manifest.lock */,
				3D5AEEB52148A3250023F291 /* Sources */,
				3D5AEEB62148A3250023F291 /* Frameworks */,
				3D5AEEB72148A3250023F291 /* Resources */,
				A65E4ACD6C3C8A35D90CFCF8 /* [CP] Embed Pods Frameworks */,
			);
			buildRules = (
			);
			dependencies = (
			);
			name = demo;
			productName = demo;
			productReference = 3D5AEEB92148A3250023F291 /* demo.app */;
			productType = "com.apple.product-type.application";
		};
/* End PBXNativeTarget section */

/* Begin PBXProject section */
		3D5AEEB12148A3250023F291 /* Project object */ = {
			isa = PBXProject;
			attributes = {
				LastSwiftUpdateCheck = 0920;
				LastUpgradeCheck = 0920;
				ORGANIZATIONNAME = zqyou;
				TargetAttributes = {
					3D5AEEB82148A3250023F291 = {
						CreatedOnToolsVersion = 9.2;
						ProvisioningStyle = Automatic;
					};
				};
			};
			buildConfigurationList = 3D5AEEB42148A3250023F291 /* Build configuration list for PBXProject "demo" */;
			compatibilityVersion = "Xcode 8.0";
			developmentRegion = en;
			hasScannedForEncodings = 0;
			knownRegions = (
				en,
				Base,
			);
			mainGroup = 3D5AEEB02148A3250023F291;
			productRefGroup = 3D5AEEBA2148A3250023F291 /* Products */;
			projectDirPath = "";
			projectRoot = "";
			targets = (
				3D5AEEB82148A3250023F291 /* demo */,
			);
		};
/* End PBXProject section */

/* Begin PBXResourcesBuildPhase section */
		3D5AEEB72148A3250023F291 /* Resources */ = {
			isa = PBXResourcesBuildPhase;
			buildActionMask = 2147483647;
			files = (
				3D5AEEC72148A3250023F291 /* LaunchScreen.storyboard in Resources */,
				3D23AA3B2148BCF0000B0F2C /* foldingCellTableViewCell.xib in Resources */,
				3D5AEEC42148A3250023F291 /* Assets.xcassets in Resources */,
				3D5AEEC22148A3250023F291 /* Main.storyboard in Resources */,
				3D5AEED22148B2C20023F291 /* foldingTableView.xib in Resources */,
			);
			runOnlyForDeploymentPostprocessing = 0;
		};
/* End PBXResourcesBuildPhase section */

/* Begin PBXShellScriptBuildPhase section */
		A65E4ACD6C3C8A35D90CFCF8 /* [CP] Embed Pods Frameworks */ = {
			isa = PBXShellScriptBuildPhase;
			buildActionMask = 2147483647;
			files = (
			);
			inputPaths = (
				"${SRCROOT}/Pods/Target Support Files/Pods-demo/Pods-demo-frameworks.sh",
				"${BUILT_PRODUCTS_DIR}/Differentiator/Differentiator.framework",
				"${BUILT_PRODUCTS_DIR}/FLAnimatedImage/FLAnimatedImage.framework",
				"${BUILT_PRODUCTS_DIR}/FoldingCell/FoldingCell.framework",
				"${BUILT_PRODUCTS_DIR}/RxCocoa/RxCocoa.framework",
				"${BUILT_PRODUCTS_DIR}/RxDataSources/RxDataSources.framework",
				"${BUILT_PRODUCTS_DIR}/RxSwift/RxSwift.framework",
				"${BUILT_PRODUCTS_DIR}/SDWebImage/SDWebImage.framework",
				"${BUILT_PRODUCTS_DIR}/SnapKit/SnapKit.framework",
			);
			name = "[CP] Embed Pods Frameworks";
			outputPaths = (
				"${TARGET_BUILD_DIR}/${FRAMEWORKS_FOLDER_PATH}/Differentiator.framework",
				"${TARGET_BUILD_DIR}/${FRAMEWORKS_FOLDER_PATH}/FLAnimatedImage.framework",
				"${TARGET_BUILD_DIR}/${FRAMEWORKS_FOLDER_PATH}/FoldingCell.framework",
				"${TARGET_BUILD_DIR}/${FRAMEWORKS_FOLDER_PATH}/RxCocoa.framework",
				"${TARGET_BUILD_DIR}/${FRAMEWORKS_FOLDER_PATH}/RxDataSources.framework",
				"${TARGET_BUILD_DIR}/${FRAMEWORKS_FOLDER_PATH}/RxSwift.framework",
				"${TARGET_BUILD_DIR}/${FRAMEWORKS_FOLDER_PATH}/SDWebImage.framework",
				"${TARGET_BUILD_DIR}/${FRAMEWORKS_FOLDER_PATH}/SnapKit.framework",
			);
			runOnlyForDeploymentPostprocessing = 0;
			shellPath = /bin/sh;
			shellScript = "\"${SRCROOT}/Pods/Target Support Files/Pods-demo/Pods-demo-frameworks.sh\"\n";
			showEnvVarsInLog = 0;
		};
		AA76CB4F95F3C1028BB794BB /* [CP] Check Pods Manifest.lock */ = {
			isa = PBXShellScriptBuildPhase;
			buildActionMask = 2147483647;
			files = (
			);
			inputPaths = (
				"${PODS_PODFILE_DIR_PATH}/Podfile.lock",
				"${PODS_ROOT}/Manifest.lock",
			);
			name = "[CP] Check Pods Manifest.lock";
			outputPaths = (
				"$(DERIVED_FILE_DIR)/Pods-demo-checkManifestLockResult.txt",
			);
			runOnlyForDeploymentPostprocessing = 0;
			shellPath = /bin/sh;
			shellScript = "diff \"${PODS_PODFILE_DIR_PATH}/Podfile.lock\" \"${PODS_ROOT}/Manifest.lock\" > /dev/null\nif [ $? != 0 ] ; then\n    # print error to STDERR\n    echo \"error: The sandbox is not in sync with the Podfile.lock. Run 'pod install' or update your CocoaPods installation.\" >&2\n    exit 1\nfi\n# This output is used by Xcode 'outputs' to avoid re-running this script phase.\necho \"SUCCESS\" > \"${SCRIPT_OUTPUT_FILE_0}\"\n";
			showEnvVarsInLog = 0;
		};
/* End PBXShellScriptBuildPhase section */

/* Begin PBXSourcesBuildPhase section */
		3D5AEEB52148A3250023F291 /* Sources */ = {
			isa = PBXSourcesBuildPhase;
			buildActionMask = 2147483647;
			files = (
				3D23AA3A2148BCF0000B0F2C /* foldingCellTableViewCell.swift in Sources */,
				3D5AEEBF2148A3250023F291 /* ViewController.swift in Sources */,
				3D5AEED12148B2C20023F291 /* foldingTableView.swift in Sources */,
				3D5AEEBD2148A3250023F291 /* AppDelegate.swift in Sources */,
				3D23AA362148BBAF000B0F2C /* FoldingCell.swift in Sources */,
			);
			runOnlyForDeploymentPostprocessing = 0;
		};
/* End PBXSourcesBuildPhase section */

/* Begin PBXVariantGroup section */
		3D5AEEC02148A3250023F291 /* Main.storyboard */ = {
			isa = PBXVariantGroup;
			children = (
				3D5AEEC12148A3250023F291 /* Base */,
			);
			name = Main.storyboard;
			sourceTree = "<group>";
		};
		3D5AEEC52148A3250023F291 /* LaunchScreen.storyboard */ = {
			isa = PBXVariantGroup;
			children = (
				3D5AEEC62148A3250023F291 /* Base */,
			);
			name = LaunchScreen.storyboard;
			sourceTree = "<group>";
		};
/* End PBXVariantGroup section */

/* Begin XCBuildConfiguration section */
		3D5AEEC92148A3250023F291 /* Debug */ = {
			isa = XCBuildConfiguration;
			buildSettings = {
				ALWAYS_SEARCH_USER_PATHS = NO;
				CLANG_ANALYZER_NONNULL = YES;
				CLANG_ANALYZER_NUMBER_OBJECT_CONVERSION = YES_AGGRESSIVE;
				CLANG_CXX_LANGUAGE_STANDARD = "gnu++14";
				CLANG_CXX_LIBRARY = "libc++";
				CLANG_ENABLE_MODULES = YES;
				CLANG_ENABLE_OBJC_ARC = YES;
				CLANG_WARN_BLOCK_CAPTURE_AUTORELEASING = YES;
				CLANG_WARN_BOOL_CONVERSION = YES;
				CLANG_WARN_COMMA = YES;
				CLANG_WARN_CONSTANT_CONVERSION = YES;
				CLANG_WARN_DIRECT_OBJC_ISA_USAGE = YES_ERROR;
				CLANG_WARN_DOCUMENTATION_COMMENTS = YES;
				CLANG_WARN_EMPTY_BODY = YES;
				CLANG_WARN_ENUM_CONVERSION = YES;
				CLANG_WARN_INFINITE_RECURSION = YES;
				CLANG_WARN_INT_CONVERSION = YES;
				CLANG_WARN_NON_LITERAL_NULL_CONVERSION = YES;
				CLANG_WARN_OBJC_LITERAL_CONVERSION = YES;
				CLANG_WARN_OBJC_ROOT_CLASS = YES_ERROR;
				CLANG_WARN_RANGE_LOOP_ANALYSIS = YES;
				CLANG_WARN_STRICT_PROTOTYPES = YES;
				CLANG_WARN_SUSPICIOUS_MOVE = YES;
				CLANG_WARN_UNGUARDED_AVAILABILITY = YES_AGGRESSIVE;
				CLANG_WARN_UNREACHABLE_CODE = YES;
				CLANG_WARN__DUPLICATE_METHOD_MATCH = YES;
				CODE_SIGN_IDENTITY = "iPhone Developer";
				COPY_PHASE_STRIP = NO;
				DEBUG_INFORMATION_FORMAT = dwarf;
				ENABLE_STRICT_OBJC_MSGSEND = YES;
				ENABLE_TESTABILITY = YES;
				GCC_C_LANGUAGE_STANDARD = gnu11;
				GCC_DYNAMIC_NO_PIC = NO;
				GCC_NO_COMMON_BLOCKS = YES;
				GCC_OPTIMIZATION_LEVEL = 0;
				GCC_PREPROCESSOR_DEFINITIONS = (
					"DEBUG=1",
					"$(inherited)",
				);
				GCC_WARN_64_TO_32_BIT_CONVERSION = YES;
				GCC_WARN_ABOUT_RETURN_TYPE = YES_ERROR;
				GCC_WARN_UNDECLARED_SELECTOR = YES;
				GCC_WARN_UNINITIALIZED_AUTOS = YES_AGGRESSIVE;
				GCC_WARN_UNUSED_FUNCTION = YES;
				GCC_WARN_UNUSED_VARIABLE = YES;
				IPHONEOS_DEPLOYMENT_TARGET = 11.2;
				MTL_ENABLE_DEBUG_INFO = YES;
				ONLY_ACTIVE_ARCH = YES;
				SDKROOT = iphoneos;
				SWIFT_ACTIVE_COMPILATION_CONDITIONS = DEBUG;
				SWIFT_OPTIMIZATION_LEVEL = "-Onone";
			};
			name = Debug;
		};
		3D5AEECA2148A3250023F291 /* Release */ = {
			isa = XCBuildConfiguration;
			buildSettings = {
				ALWAYS_SEARCH_USER_PATHS = NO;
				CLANG_ANALYZER_NONNULL = YES;
				CLANG_ANALYZER_NUMBER_OBJECT_CONVERSION = YES_AGGRESSIVE;
				CLANG_CXX_LANGUAGE_STANDARD = "gnu++14";
				CLANG_CXX_LIBRARY = "libc++";
				CLANG_ENABLE_MODULES = YES;
				CLANG_ENABLE_OBJC_ARC = YES;
				CLANG_WARN_BLOCK_CAPTURE_AUTORELEASING = YES;
				CLANG_WARN_BOOL_CONVERSION = YES;
				CLANG_WARN_COMMA = YES;
				CLANG_WARN_CONSTANT_CONVERSION = YES;
				CLANG_WARN_DIRECT_OBJC_ISA_USAGE = YES_ERROR;
				CLANG_WARN_DOCUMENTATION_COMMENTS = YES;
				CLANG_WARN_EMPTY_BODY = YES;
				CLANG_WARN_ENUM_CONVERSION = YES;
				CLANG_WARN_INFINITE_RECURSION = YES;
				CLANG_WARN_INT_CONVERSION = YES;
				CLANG_WARN_NON_LITERAL_NULL_CONVERSION = YES;
				CLANG_WARN_OBJC_LITERAL_CONVERSION = YES;
				CLANG_WARN_OBJC_ROOT_CLASS = YES_ERROR;
				CLANG_WARN_RANGE_LOOP_ANALYSIS = YES;
				CLANG_WARN_STRICT_PROTOTYPES = YES;
				CLANG_WARN_SUSPICIOUS_MOVE = YES;
				CLANG_WARN_UNGUARDED_AVAILABILITY = YES_AGGRESSIVE;
				CLANG_WARN_UNREACHABLE_CODE = YES;
				CLANG_WARN__DUPLICATE_METHOD_MATCH = YES;
				CODE_SIGN_IDENTITY = "iPhone Developer";
				COPY_PHASE_STRIP = NO;
				DEBUG_INFORMATION_FORMAT = "dwarf-with-dsym";
				ENABLE_NS_ASSERTIONS = NO;
				ENABLE_STRICT_OBJC_MSGSEND = YES;
				GCC_C_LANGUAGE_STANDARD = gnu11;
				GCC_NO_COMMON_BLOCKS = YES;
				GCC_WARN_64_TO_32_BIT_CONVERSION = YES;
				GCC_WARN_ABOUT_RETURN_TYPE = YES_ERROR;
				GCC_WARN_UNDECLARED_SELECTOR = YES;
				GCC_WARN_UNINITIALIZED_AUTOS = YES_AGGRESSIVE;
				GCC_WARN_UNUSED_FUNCTION = YES;
				GCC_WARN_UNUSED_VARIABLE = YES;
				IPHONEOS_DEPLOYMENT_TARGET = 11.2;
				MTL_ENABLE_DEBUG_INFO = NO;
				SDKROOT = iphoneos;
				SWIFT_OPTIMIZATION_LEVEL = "-Owholemodule";
				VALIDATE_PRODUCT = YES;
			};
			name = Release;
		};
		3D5AEECC2148A3250023F291 /* Debug */ = {
			isa = XCBuildConfiguration;
			baseConfigurationReference = 1F60FBC5495EF14B2B4E1F60 /* Pods-demo.debug.xcconfig */;
			buildSettings = {
				ASSETCATALOG_COMPILER_APPICON_NAME = AppIcon;
				CODE_SIGN_STYLE = Automatic;
				INFOPLIST_FILE = demo/Info.plist;
				IPHONEOS_DEPLOYMENT_TARGET = 9.0;
				LD_RUNPATH_SEARCH_PATHS = "$(inherited) @executable_path/Frameworks";
				PRODUCT_BUNDLE_IDENTIFIER = com.mengzi.demo.demo;
				PRODUCT_NAME = "$(TARGET_NAME)";
				SWIFT_VERSION = 4.0;
				TARGETED_DEVICE_FAMILY = "1,2";
			};
			name = Debug;
		};
		3D5AEECD2148A3250023F291 /* Release */ = {
			isa = XCBuildConfiguration;
			baseConfigurationReference = 5C90F9D94EF0ACCECE7F97B3 /* Pods-demo.release.xcconfig */;
			buildSettings = {
				ASSETCATALOG_COMPILER_APPICON_NAME = AppIcon;
				CODE_SIGN_STYLE = Automatic;
				INFOPLIST_FILE = demo/Info.plist;
				IPHONEOS_DEPLOYMENT_TARGET = 9.0;
				LD_RUNPATH_SEARCH_PATHS = "$(inherited) @executable_path/Frameworks";
				PRODUCT_BUNDLE_IDENTIFIER = com.mengzi.demo.demo;
				PRODUCT_NAME = "$(TARGET_NAME)";
				SWIFT_VERSION = 4.0;
				TARGETED_DEVICE_FAMILY = "1,2";
			};
			name = Release;
		};
/* End XCBuildConfiguration section */

/* Begin XCConfigurationList section */
		3D5AEEB42148A3250023F291 /* Build configuration list for PBXProject "demo" */ = {
			isa = XCConfigurationList;
			buildConfigurations = (
				3D5AEEC92148A3250023F291 /* Debug */,
				3D5AEECA2148A3250023F291 /* Release */,
			);
			defaultConfigurationIsVisible = 0;
			defaultConfigurationName = Release;
		};
		3D5AEECB2148A3250023F291 /* Build configuration list for PBXNativeTarget "demo" */ = {
			isa = XCConfigurationList;
			buildConfigurations = (
				3D5AEECC2148A3250023F291 /* Debug */,
				3D5AEECD2148A3250023F291 /* Release */,
			);
			defaultConfigurationIsVisible = 0;
			defaultConfigurationName = Release;
		};
/* End XCConfigurationList section */
	};
	rootObject = 3D5AEEB12148A3250023F291 /* Project object */;
}
